
Microsoft Visual Studio Solution File, Format Version 12.00
# Visual Studio Version 17
VisualStudioVersion = 17.14.36109.1 d17.14
MinimumVisualStudioVersion = 10.0.40219.1
Project("{FAE04EC0-301F-11D3-BF4B-00C04F79EFBC}") = "metrics", "metrics.csproj", "{405B8203-85B5-A14A-5551-86A1A2ADABF7}"
EndProject
Global
	GlobalSection(SolutionConfigurationPlatforms) = preSolution
		Debug|Any CPU = Debug|Any CPU
		Release|Any CPU = Release|Any CPU
	EndGlobalSection
	GlobalSection(ProjectConfigurationPlatforms) = postSolution
		{405B8203-85B5-A14A-5551-86A1A2ADABF7}.Debug|Any CPU.ActiveCfg = Debug|Any CPU
		{405B8203-85B5-A14A-5551-86A1A2ADABF7}.Debug|Any CPU.Build.0 = Debug|Any CPU
		{405B8203-85B5-A14A-5551-86A1A2ADABF7}.Release|Any CPU.ActiveCfg = Release|Any CPU
		{405B8203-85B5-A14A-5551-86A1A2ADABF7}.Release|Any CPU.Build.0 = Release|Any CPU
	EndGlobalSection
	GlobalSection(SolutionProperties) = preSolution
		HideSolutionNode = FALSE
	EndGlobalSection
	GlobalSection(ExtensibilityGlobals) = postSolution
		SolutionGuid = {6D39B00D-0CEB-42C2-B6FE-130ABCE1A171}
	EndGlobalSection
EndGlobal
